// !$*UTF8*$!
{
	archiveVersion = 1;
	classes = {
	};
	objectVersion = 56;
	objects = {

/* Begin PBXBuildFile section */
		22D4E4C52F3493BB002E79C6 /* FirebaseProjectLab45App.swift in Sources */ = {isa = PBXBuildFile; fileRef = 22D4E4C42F3493BB002E79C6 /* FirebaseProjectLab45App.swift */; };
		22D4E4C72F3493BB002E79C6 /* ContentView.swift in Sources */ = {isa = PBXBuildFile; fileRef = 22D4E4C62F3493BB002E79C6 /* ContentView.swift */; };
		22D4E4C92F3493C0002E79C6 /* Assets.xcassets in Resources */ = {isa = PBXBuildFile; fileRef = 22D4E4C82F3493C0002E79C6 /* Assets.xcassets */; };
		22D4E4CD2F3493C0002E79C6 /* Preview Assets.xcassets in Resources */ = {isa = PBXBuildFile; fileRef = 22D4E4CC2F3493C0002E79C6 /* Preview Assets.xcassets */; };
		22D4E4D72F3493C2002E79C6 /* FirebaseProjectLab45Tests.swift in Sources */ = {isa = PBXBuildFile; fileRef = 22D4E4D62F3493C2002E79C6 /* FirebaseProjectLab45Tests.swift */; };
		22D4E4E12F3493C2002E79C6 /* FirebaseProjectLab45UITests.swift in Sources */ = {isa = PBXBuildFile; fileRef = 22D4E4E02F3493C2002E79C6 /* FirebaseProjectLab45UITests.swift */; };
		22D4E4E32F3493C2002E79C6 /* FirebaseProjectLab45UITestsLaunchTests.swift in Sources */ = {isa = PBXBuildFile; fileRef = 22D4E4E22F3493C2002E79C6 /* FirebaseProjectLab45UITestsLaunchTests.swift */; };
		22D4E4F12F34952F002E79C6 /* FirebaseAnalytics in Frameworks */ = {isa = PBXBuildFile; productRef = 22D4E4F02F34952F002E79C6 /* FirebaseAnalytics */; };
		22D4E4F32F34952F002E79C6 /* FirebaseAnalyticsSwift in Frameworks */ = {isa = PBXBuildFile; productRef = 22D4E4F22F34952F002E79C6 /* FirebaseAnalyticsSwift */; };
		22D4E4F52F34952F002E79C6 /* FirebaseAuth in Frameworks */ = {isa = PBXBuildFile; productRef = 22D4E4F42F34952F002E79C6 /* FirebaseAuth */; };
		22D4E4F72F34952F002E79C6 /* FirebaseFirestore in Frameworks */ = {isa = PBXBuildFile; productRef = 22D4E4F62F34952F002E79C6 /* FirebaseFirestore */; };
		22D4E4F92F34952F002E79C6 /* FirebaseFirestoreSwift in Frameworks */ = {isa = PBXBuildFile; productRef = 22D4E4F82F34952F002E79C6 /* FirebaseFirestoreSwift */; };
		22D4E4FB2F34955A002E79C6 /* AddNoteView.swift in Sources */ = {isa = PBXBuildFile; fileRef = 22D4E4FA2F34955A002E79C6 /* AddNoteView.swift */; };
		22D4E4FC2F34955A002E79C6 /* AddNoteView.swift in Sources */ = {isa = PBXBuildFile; fileRef = 22D4E4FA2F34955A002E79C6 /* AddNoteView.swift */; };
		22D4E4FD2F34955A002E79C6 /* AddNoteView.swift in Sources */ = {isa = PBXBuildFile; fileRef = 22D4E4FA2F34955A002E79C6 /* AddNoteView.swift */; };
		22D4E4FF2F349586002E79C6 /* AuthViewModel.swift in Sources */ = {isa = PBXBuildFile; fileRef = 22D4E4FE2F349586002E79C6 /* AuthViewModel.swift */; };
		22D4E5002F349586002E79C6 /* AuthViewModel.swift in Sources */ = {isa = PBXBuildFile; fileRef = 22D4E4FE2F349586002E79C6 /* AuthViewModel.swift */; };
		22D4E5012F349586002E79C6 /* AuthViewModel.swift in Sources */ = {isa = PBXBuildFile; fileRef = 22D4E4FE2F349586002E79C6 /* AuthViewModel.swift */; };
		22D4E5032F349A56002E79C6 /* NoteViewModel.swift in Sources */ = {isa = PBXBuildFile; fileRef = 22D4E5022F349A56002E79C6 /* NoteViewModel.swift */; };
		22D4E5042F349A56002E79C6 /* NoteViewModel.swift in Sources */ = {isa = PBXBuildFile; fileRef = 22D4E5022F349A56002E79C6 /* NoteViewModel.swift */; };
		22D4E5052F349A56002E79C6 /* NoteViewModel.swift in Sources */ = {isa = PBXBuildFile; fileRef = 22D4E5022F349A56002E79C6 /* NoteViewModel.swift */; };
		22D4E5072F349B8C002E79C6 /* GoogleService-Info.plist in Resources */ = {isa = PBXBuildFile; fileRef = 22D4E5062F349B8A002E79C6 /* GoogleService-Info.plist */; };
		22D4E5082F349B8C002E79C6 /* GoogleService-Info.plist in Resources */ = {isa = PBXBuildFile; fileRef = 22D4E5062F349B8A002E79C6 /* GoogleService-Info.plist */; };
		22D4E5092F349B8C002E79C6 /* GoogleService-Info.plist in Resources */ = {isa = PBXBuildFile; fileRef = 22D4E5062F349B8A002E79C6 /* GoogleService-Info.plist */; };
/* End PBXBuildFile section */

/* Begin PBXContainerItemProxy section */
		22D4E4D32F3493C2002E79C6 /* PBXContainerItemProxy */ = {
			isa = PBXContainerItemProxy;
			containerPortal = 22D4E4B92F3493BB002E79C6 /* Project object */;
			proxyType = 1;
			remoteGlobalIDString = 22D4E4C02F3493BB002E79C6;
			remoteInfo = FirebaseProjectLab45;
		};
		22D4E4DD2F3493C2002E79C6 /* PBXContainerItemProxy */ = {
			isa = PBXContainerItemProxy;
			containerPortal = 22D4E4B92F3493BB002E79C6 /* Project object */;
			proxyType = 1;
			remoteGlobalIDString = 22D4E4C02F3493BB002E79C6;
			remoteInfo = FirebaseProjectLab45;
		};
/* End PBXContainerItemProxy section */

/* Begin PBXFileReference section */
		22D4E4C12F3493BB002E79C6 /* FirebaseProjectLab45.app */ = {isa = PBXFileReference; explicitFileType = wrapper.application; includeInIndex = 0; path = FirebaseProjectLab45.app; sourceTree = BUILT_PRODUCTS_DIR; };
		22D4E4C42F3493BB002E79C6 /* FirebaseProjectLab45App.swift */ = {isa = PBXFileReference; lastKnownFileType = sourcecode.swift; path = FirebaseProjectLab45App.swift; sourceTree = "<group>"; };
		22D4E4C62F3493BB002E79C6 /* ContentView.swift */ = {isa = PBXFileReference; lastKnownFileType = sourcecode.swift; path = ContentView.swift; sourceTree = "<group>"; };
		22D4E4C82F3493C0002E79C6 /* Assets.xcassets */ = {isa = PBXFileReference; lastKnownFileType = folder.assetcatalog; path = Assets.xcassets; sourceTree = "<group>"; };
		22D4E4CA2F3493C0002E79C6 /* FirebaseProjectLab45.entitlements */ = {isa = PBXFileReference; lastKnownFileType = text.plist.entitlements; path = FirebaseProjectLab45.entitlements; sourceTree = "<group>"; };
		22D4E4CC2F3493C0002E79C6 /* Preview Assets.xcassets */ = {isa = PBXFileReference; lastKnownFileType = folder.assetcatalog; path = "Preview Assets.xcassets"; sourceTree = "<group>"; };
		22D4E4D22F3493C2002E79C6 /* FirebaseProjectLab45Tests.xctest */ = {isa = PBXFileReference; explicitFileType = wrapper.cfbundle; includeInIndex = 0; path = FirebaseProjectLab45Tests.xctest; sourceTree = BUILT_PRODUCTS_DIR; };
		22D4E4D62F3493C2002E79C6 /* FirebaseProjectLab45Tests.swift */ = {isa = PBXFileReference; lastKnownFileType = sourcecode.swift; path = FirebaseProjectLab45Tests.swift; sourceTree = "<group>"; };
		22D4E4DC2F3493C2002E79C6 /* FirebaseProjectLab45UITests.xctest */ = {isa = PBXFileReference; explicitFileType = wrapper.cfbundle; includeInIndex = 0; path = FirebaseProjectLab45UITests.xctest; sourceTree = BUILT_PRODUCTS_DIR; };
		22D4E4E02F3493C2002E79C6 /* FirebaseProjectLab45UITests.swift */ = {isa = PBXFileReference; lastKnownFileType = sourcecode.swift; path = FirebaseProjectLab45UITests.swift; sourceTree = "<group>"; };
		22D4E4E22F3493C2002E79C6 /* FirebaseProjectLab45UITestsLaunchTests.swift */ = {isa = PBXFileReference; lastKnownFileType = sourcecode.swift; path = FirebaseProjectLab45UITestsLaunchTests.swift; sourceTree = "<group>"; };
		22D4E4FA2F34955A002E79C6 /* AddNoteView.swift */ = {isa = PBXFileReference; lastKnownFileType = sourcecode.swift; path = AddNoteView.swift; sourceTree = "<group>"; };
		22D4E4FE2F349586002E79C6 /* AuthViewModel.swift */ = {isa = PBXFileReference; lastKnownFileType = sourcecode.swift; path = AuthViewModel.swift; sourceTree = "<group>"; };
		22D4E5022F349A56002E79C6 /* NoteViewModel.swift */ = {isa = PBXFileReference; lastKnownFileType = sourcecode.swift; path = NoteViewModel.swift; sourceTree = "<group>"; };
		22D4E5062F349B8A002E79C6 /* GoogleService-Info.plist */ = {isa = PBXFileReference; fileEncoding = 4; lastKnownFileType = text.plist.xml; path = "GoogleService-Info.plist"; sourceTree = "<group>"; };
/* End PBXFileReference section */

/* Begin PBXFrameworksBuildPhase section */
		22D4E4BE2F3493BB002E79C6 /* Frameworks */ = {
			isa = PBXFrameworksBuildPhase;
			buildActionMask = 2147483647;
			files = (
				22D4E4F92F34952F002E79C6 /* FirebaseFirestoreSwift in Frameworks */,
				22D4E4F32F34952F002E79C6 /* FirebaseAnalyticsSwift in Frameworks */,
				22D4E4F72F34952F002E79C6 /* FirebaseFirestore in Frameworks */,
				22D4E4F52F34952F002E79C6 /* FirebaseAuth in Frameworks */,
				22D4E4F12F34952F002E79C6 /* FirebaseAnalytics in Frameworks */,
			);
			runOnlyForDeploymentPostprocessing = 0;
		};
		22D4E4CF2F3493C2002E79C6 /* Frameworks */ = {
			isa = PBXFrameworksBuildPhase;
			buildActionMask = 2147483647;
			files = (
			);
			runOnlyForDeploymentPostprocessing = 0;
		};
		22D4E4D92F3493C2002E79C6 /* Frameworks */ = {
			isa = PBXFrameworksBuildPhase;
			buildActionMask = 2147483647;
			files = (
			);
			runOnlyForDeploymentPostprocessing = 0;
		};
/* End PBXFrameworksBuildPhase section */

/* Begin PBXGroup section */
		22D4E4B82F3493BB002E79C6 = {
			isa = PBXGroup;
			children = (
				22D4E4C32F3493BB002E79C6 /* FirebaseProjectLab45 */,
				22D4E4D52F3493C2002E79C6 /* FirebaseProjectLab45Tests */,
				22D4E4DF2F3493C2002E79C6 /* FirebaseProjectLab45UITests */,
				22D4E4C22F3493BB002E79C6 /* Products */,
			);
			sourceTree = "<group>";
		};
		22D4E4C22F3493BB002E79C6 /* Products */ = {
			isa = PBXGroup;
			children = (
				22D4E4C12F3493BB002E79C6 /* FirebaseProjectLab45.app */,
				22D4E4D22F3493C2002E79C6 /* FirebaseProjectLab45Tests.xctest */,
				22D4E4DC2F3493C2002E79C6 /* FirebaseProjectLab45UITests.xctest */,
			);
			name = Products;
			sourceTree = "<group>";
		};
		22D4E4C32F3493BB002E79C6 /* FirebaseProjectLab45 */ = {
			isa = PBXGroup;
			children = (
				22D4E4C42F3493BB002E79C6 /* FirebaseProjectLab45App.swift */,
				22D4E4C62F3493BB002E79C6 /* ContentView.swift */,
				22D4E5062F349B8A002E79C6 /* GoogleService-Info.plist */,
				22D4E4C82F3493C0002E79C6 /* Assets.xcassets */,
				22D4E4CA2F3493C0002E79C6 /* FirebaseProjectLab45.entitlements */,
				22D4E4CB2F3493C0002E79C6 /* Preview Content */,
				22D4E4FA2F34955A002E79C6 /* AddNoteView.swift */,
				22D4E4FE2F349586002E79C6 /* AuthViewModel.swift */,
				22D4E5022F349A56002E79C6 /* NoteViewModel.swift */,
			);
			path = FirebaseProjectLab45;
			sourceTree = "<group>";
		};
		22D4E4CB2F3493C0002E79C6 /* Preview Content */ = {
			isa = PBXGroup;
			children = (
				22D4E4CC2F3493C0002E79C6 /* Preview Assets.xcassets */,
			);
			path = "Preview Content";
			sourceTree = "<group>";
		};
		22D4E4D52F3493C2002E79C6 /* FirebaseProjectLab45Tests */ = {
			isa = PBXGroup;
			children = (
				22D4E4D62F3493C2002E79C6 /* FirebaseProjectLab45Tests.swift */,
			);
			path = FirebaseProjectLab45Tests;
			sourceTree = "<group>";
		};
		22D4E4DF2F3493C2002E79C6 /* FirebaseProjectLab45UITests */ = {
			isa = PBXGroup;
			children = (
				22D4E4E02F3493C2002E79C6 /* FirebaseProjectLab45UITests.swift */,
				22D4E4E22F3493C2002E79C6 /* FirebaseProjectLab45UITestsLaunchTests.swift */,
			);
			path = FirebaseProjectLab45UITests;
			sourceTree = "<group>";
		};
/* End PBXGroup section */

/* Begin PBXNativeTarget section */
		22D4E4C02F3493BB002E79C6 /* FirebaseProjectLab45 */ = {
			isa = PBXNativeTarget;
			buildConfigurationList = 22D4E4E62F3493C2002E79C6 /* Build configuration list for PBXNativeTarget "FirebaseProjectLab45" */;
			buildPhases = (
				22D4E4BD2F3493BB002E79C6 /* Sources */,
				22D4E4BE2F3493BB002E79C6 /* Frameworks */,
				22D4E4BF2F3493BB002E79C6 /* Resources */,
			);
			buildRules = (
			);
			dependencies = (
			);
			name = FirebaseProjectLab45;
			packageProductDependencies = (
				22D4E4F02F34952F002E79C6 /* FirebaseAnalytics */,
				22D4E4F22F34952F002E79C6 /* FirebaseAnalyticsSwift */,
				22D4E4F42F34952F002E79C6 /* FirebaseAuth */,
				22D4E4F62F34952F002E79C6 /* FirebaseFirestore */,
				22D4E4F82F34952F002E79C6 /* FirebaseFirestoreSwift */,
			);
			productName = FirebaseProjectLab45;
			productReference = 22D4E4C12F3493BB002E79C6 /* FirebaseProjectLab45.app */;
			productType = "com.apple.product-type.application";
		};
		22D4E4D12F3493C2002E79C6 /* FirebaseProjectLab45Tests */ = {
			isa = PBXNativeTarget;
			buildConfigurationList = 22D4E4E92F3493C2002E79C6 /* Build configuration list for PBXNativeTarget "FirebaseProjectLab45Tests" */;
			buildPhases = (
				22D4E4CE2F3493C2002E79C6 /* Sources */,
				22D4E4CF2F3493C2002E79C6 /* Frameworks */,
				22D4E4D02F3493C2002E79C6 /* Resources */,
			);
			buildRules = (
			);
			dependencies = (
				22D4E4D42F3493C2002E79C6 /* PBXTargetDependency */,
			);
			name = FirebaseProjectLab45Tests;
			productName = FirebaseProjectLab45Tests;
			productReference = 22D4E4D22F3493C2002E79C6 /* FirebaseProjectLab45Tests.xctest */;
			productType = "com.apple.product-type.bundle.unit-test";
		};
		22D4E4DB2F3493C2002E79C6 /* FirebaseProjectLab45UITests */ = {
			isa = PBXNativeTarget;
			buildConfigurationList = 22D4E4EC2F3493C2002E79C6 /* Build configuration list for PBXNativeTarget "FirebaseProjectLab45UITests" */;
			buildPhases = (
				22D4E4D82F3493C2002E79C6 /* Sources */,
				22D4E4D92F3493C2002E79C6 /* Frameworks */,
				22D4E4DA2F3493C2002E79C6 /* Resources */,
			);
			buildRules = (
			);
			dependencies = (
				22D4E4DE2F3493C2002E79C6 /* PBXTargetDependency */,
			);
			name = FirebaseProjectLab45UITests;
			productName = FirebaseProjectLab45UITests;
			productReference = 22D4E4DC2F3493C2002E79C6 /* FirebaseProjectLab45UITests.xctest */;
			productType = "com.apple.product-type.bundle.ui-testing";
		};
/* End PBXNativeTarget section */

/* Begin PBXProject section */
		22D4E4B92F3493BB002E79C6 /* Project object */ = {
			isa = PBXProject;
			attributes = {
				BuildIndependentTargetsInParallel = 1;
				LastSwiftUpdateCheck = 1410;
				LastUpgradeCheck = 1410;
				TargetAttributes = {
					22D4E4C02F3493BB002E79C6 = {
						CreatedOnToolsVersion = 14.1;
					};
					22D4E4D12F3493C2002E79C6 = {
						CreatedOnToolsVersion = 14.1;
						TestTargetID = 22D4E4C02F3493BB002E79C6;
					};
					22D4E4DB2F3493C2002E79C6 = {
						CreatedOnToolsVersion = 14.1;
						TestTargetID = 22D4E4C02F3493BB002E79C6;
					};
				};
			};
			buildConfigurationList = 22D4E4BC2F3493BB002E79C6 /* Build configuration list for PBXProject "FirebaseProjectLab45" */;
			compatibilityVersion = "Xcode 14.0";
			developmentRegion = en;
			hasScannedForEncodings = 0;
			knownRegions = (
				en,
				Base,
			);
			mainGroup = 22D4E4B82F3493BB002E79C6;
			packageReferences = (
				22D4E4EF2F34952F002E79C6 /* XCRemoteSwiftPackageReference "firebase-ios-sdk" */,
			);
			productRefGroup = 22D4E4C22F3493BB002E79C6 /* Products */;
			projectDirPath = "";
			projectRoot = "";
			targets = (
				22D4E4C02F3493BB002E79C6 /* FirebaseProjectLab45 */,
				22D4E4D12F3493C2002E79C6 /* FirebaseProjectLab45Tests */,
				22D4E4DB2F3493C2002E79C6 /* FirebaseProjectLab45UITests */,
			);
		};
/* End PBXProject section */

/* Begin PBXResourcesBuildPhase section */
		22D4E4BF2F3493BB002E79C6 /* Resources */ = {
			isa = PBXResourcesBuildPhase;
			buildActionMask = 2147483647;
			files = (
				22D4E4CD2F3493C0002E79C6 /* Preview Assets.xcassets in Resources */,
				22D4E5072F349B8C002E79C6 /* GoogleService-Info.plist in Resources */,
				22D4E4C92F3493C0002E79C6 /* Assets.xcassets in Resources */,
			);
			runOnlyForDeploymentPostprocessing = 0;
		};
		22D4E4D02F3493C2002E79C6 /* Resources */ = {
			isa = PBXResourcesBuildPhase;
			buildActionMask = 2147483647;
			files = (
				22D4E5082F349B8C002E79C6 /* GoogleService-Info.plist in Resources */,
			);
			runOnlyForDeploymentPostprocessing = 0;
		};
		22D4E4DA2F3493C2002E79C6 /* Resources */ = {
			isa = PBXResourcesBuildPhase;
			buildActionMask = 2147483647;
			files = (
				22D4E5092F349B8C002E79C6 /* GoogleService-Info.plist in Resources */,
			);
			runOnlyForDeploymentPostprocessing = 0;
		};
/* End PBXResourcesBuildPhase section */

/* Begin PBXSourcesBuildPhase section */
		22D4E4BD2F3493BB002E79C6 /* Sources */ = {
			isa = PBXSourcesBuildPhase;
			buildActionMask = 2147483647;
			files = (
				22D4E5032F349A56002E79C6 /* NoteViewModel.swift in Sources */,
				22D4E4FF2F349586002E79C6 /* AuthViewModel.swift in Sources */,
				22D4E4FB2F34955A002E79C6 /* AddNoteView.swift in Sources */,
				22D4E4C72F3493BB002E79C6 /* ContentView.swift in Sources */,
				22D4E4C52F3493BB002E79C6 /* FirebaseProjectLab45App.swift in Sources */,
			);
			runOnlyForDeploymentPostprocessing = 0;
		};
		22D4E4CE2F3493C2002E79C6 /* Sources */ = {
			isa = PBXSourcesBuildPhase;
			buildActionMask = 2147483647;
			files = (
				22D4E5042F349A56002E79C6 /* NoteViewModel.swift in Sources */,
				22D4E4FC2F34955A002E79C6 /* AddNoteView.swift in Sources */,
				22D4E4D72F3493C2002E79C6 /* FirebaseProjectLab45Tests.swift in Sources */,
				22D4E5002F349586002E79C6 /* AuthViewModel.swift in Sources */,
			);
			runOnlyForDeploymentPostprocessing = 0;
		};
		22D4E4D82F3493C2002E79C6 /* Sources */ = {
			isa = PBXSourcesBuildPhase;
			buildActionMask = 2147483647;
			files = (
				22D4E5052F349A56002E79C6 /* NoteViewModel.swift in Sources */,
				22D4E5012F349586002E79C6 /* AuthViewModel.swift in Sources */,
				22D4E4FD2F34955A002E79C6 /* AddNoteView.swift in Sources */,
				22D4E4E32F3493C2002E79C6 /* FirebaseProjectLab45UITestsLaunchTests.swift in Sources */,
				22D4E4E12F3493C2002E79C6 /* FirebaseProjectLab45UITests.swift in Sources */,
			);
			runOnlyForDeploymentPostprocessing = 0;
		};
/* End PBXSourcesBuildPhase section */

/* Begin PBXTargetDependency section */
		22D4E4D42F3493C2002E79C6 /* PBXTargetDependency */ = {
			isa = PBXTargetDependency;
			target = 22D4E4C02F3493BB002E79C6 /* FirebaseProjectLab45 */;
			targetProxy = 22D4E4D32F3493C2002E79C6 /* PBXContainerItemProxy */;
		};
		22D4E4DE2F3493C2002E79C6 /* PBXTargetDependency */ = {
			isa = PBXTargetDependency;
			target = 22D4E4C02F3493BB002E79C6 /* FirebaseProjectLab45 */;
			targetProxy = 22D4E4DD2F3493C2002E79C6 /* PBXContainerItemProxy */;
		};
/* End PBXTargetDependency section */

/* Begin XCBuildConfiguration section */
		22D4E4E42F3493C2002E79C6 /* Debug */ = {
			isa = XCBuildConfiguration;
			buildSettings = {
				ALWAYS_SEARCH_USER_PATHS = NO;
				CLANG_ANALYZER_NONNULL = YES;
				CLANG_ANALYZER_NUMBER_OBJECT_CONVERSION = YES_AGGRESSIVE;
				CLANG_CXX_LANGUAGE_STANDARD = "gnu++20";
				CLANG_ENABLE_MODULES = YES;
				CLANG_ENABLE_OBJC_ARC = YES;
				CLANG_ENABLE_OBJC_WEAK = YES;
				CLANG_WARN_BLOCK_CAPTURE_AUTORELEASING = YES;
				CLANG_WARN_BOOL_CONVERSION = YES;
				CLANG_WARN_COMMA = YES;
				CLANG_WARN_CONSTANT_CONVERSION = YES;
				CLANG_WARN_DEPRECATED_OBJC_IMPLEMENTATIONS = YES;
				CLANG_WARN_DIRECT_OBJC_ISA_USAGE = YES_ERROR;
				CLANG_WARN_DOCUMENTATION_COMMENTS = YES;
				CLANG_WARN_EMPTY_BODY = YES;
				CLANG_WARN_ENUM_CONVERSION = YES;
				CLANG_WARN_INFINITE_RECURSION = YES;
				CLANG_WARN_INT_CONVERSION = YES;
				CLANG_WARN_NON_LITERAL_NULL_CONVERSION = YES;
				CLANG_WARN_OBJC_IMPLICIT_RETAIN_SELF = YES;
				CLANG_WARN_OBJC_LITERAL_CONVERSION = YES;
				CLANG_WARN_OBJC_ROOT_CLASS = YES_ERROR;
				CLANG_WARN_QUOTED_INCLUDE_IN_FRAMEWORK_HEADER = YES;
				CLANG_WARN_RANGE_LOOP_ANALYSIS = YES;
				CLANG_WARN_STRICT_PROTOTYPES = YES;
				CLANG_WARN_SUSPICIOUS_MOVE = YES;
				CLANG_WARN_UNGUARDED_AVAILABILITY = YES_AGGRESSIVE;
				CLANG_WARN_UNREACHABLE_CODE = YES;
				CLANG_WARN__DUPLICATE_METHOD_MATCH = YES;
				COPY_PHASE_STRIP = NO;
				DEBUG_INFORMATION_FORMAT = dwarf;
				ENABLE_STRICT_OBJC_MSGSEND = YES;
				ENABLE_TESTABILITY = YES;
				GCC_C_LANGUAGE_STANDARD = gnu11;
				GCC_DYNAMIC_NO_PIC = NO;
				GCC_NO_COMMON_BLOCKS = YES;
				GCC_OPTIMIZATION_LEVEL = 0;
				GCC_PREPROCESSOR_DEFINITIONS = (
					"DEBUG=1",
					"$(inherited)",
				);
				GCC_WARN_64_TO_32_BIT_CONVERSION = YES;
				GCC_WARN_ABOUT_RETURN_TYPE = YES_ERROR;
				GCC_WARN_UNDECLARED_SELECTOR = YES;
				GCC_WARN_UNINITIALIZED_AUTOS = YES_AGGRESSIVE;
				GCC_WARN_UNUSED_FUNCTION = YES;
				GCC_WARN_UNUSED_VARIABLE = YES;
				MTL_ENABLE_DEBUG_INFO = INCLUDE_SOURCE;
				MTL_FAST_MATH = YES;
				ONLY_ACTIVE_ARCH = YES;
				SWIFT_ACTIVE_COMPILATION_CONDITIONS = DEBUG;
				SWIFT_OPTIMIZATION_LEVEL = "-Onone";
			};
			name = Debug;
		};
		22D4E4E52F3493C2002E79C6 /* Release */ = {
			isa = XCBuildConfiguration;
			buildSettings = {
				ALWAYS_SEARCH_USER_PATHS = NO;
				CLANG_ANALYZER_NONNULL = YES;
				CLANG_ANALYZER_NUMBER_OBJECT_CONVERSION = YES_AGGRESSIVE;
				CLANG_CXX_LANGUAGE_STANDARD = "gnu++20";
				CLANG_ENABLE_MODULES = YES;
				CLANG_ENABLE_OBJC_ARC = YES;
				CLANG_ENABLE_OBJC_WEAK = YES;
				CLANG_WARN_BLOCK_CAPTURE_AUTORELEASING = YES;
				CLANG_WARN_BOOL_CONVERSION = YES;
				CLANG_WARN_COMMA = YES;
				CLANG_WARN_CONSTANT_CONVERSION = YES;
				CLANG_WARN_DEPRECATED_OBJC_IMPLEMENTATIONS = YES;
				CLANG_WARN_DIRECT_OBJC_ISA_USAGE = YES_ERROR;
				CLANG_WARN_DOCUMENTATION_COMMENTS = YES;
				CLANG_WARN_EMPTY_BODY = YES;
				CLANG_WARN_ENUM_CONVERSION = YES;
				CLANG_WARN_INFINITE_RECURSION = YES;
				CLANG_WARN_INT_CONVERSION = YES;
				CLANG_WARN_NON_LITERAL_NULL_CONVERSION = YES;
				CLANG_WARN_OBJC_IMPLICIT_RETAIN_SELF = YES;
				CLANG_WARN_OBJC_LITERAL_CONVERSION = YES;
				CLANG_WARN_OBJC_ROOT_CLASS = YES_ERROR;
				CLANG_WARN_QUOTED_INCLUDE_IN_FRAMEWORK_HEADER = YES;
				CLANG_WARN_RANGE_LOOP_ANALYSIS = YES;
				CLANG_WARN_STRICT_PROTOTYPES = YES;
				CLANG_WARN_SUSPICIOUS_MOVE = YES;
				CLANG_WARN_UNGUARDED_AVAILABILITY = YES_AGGRESSIVE;
				CLANG_WARN_UNREACHABLE_CODE = YES;
				CLANG_WARN__DUPLICATE_METHOD_MATCH = YES;
				COPY_PHASE_STRIP = NO;
				DEBUG_INFORMATION_FORMAT = "dwarf-with-dsym";
				ENABLE_NS_ASSERTIONS = NO;
				ENABLE_STRICT_OBJC_MSGSEND = YES;
				GCC_C_LANGUAGE_STANDARD = gnu11;
				GCC_NO_COMMON_BLOCKS = YES;
				GCC_WARN_64_TO_32_BIT_CONVERSION = YES;
				GCC_WARN_ABOUT_RETURN_TYPE = YES_ERROR;
				GCC_WARN_UNDECLARED_SELECTOR = YES;
				GCC_WARN_UNINITIALIZED_AUTOS = YES_AGGRESSIVE;
				GCC_WARN_UNUSED_FUNCTION = YES;
				GCC_WARN_UNUSED_VARIABLE = YES;
				MTL_ENABLE_DEBUG_INFO = NO;
				MTL_FAST_MATH = YES;
				SWIFT_COMPILATION_MODE = wholemodule;
				SWIFT_OPTIMIZATION_LEVEL = "-O";
			};
			name = Release;
		};
		22D4E4E72F3493C2002E79C6 /* Debug */ = {
			isa = XCBuildConfiguration;
			buildSettings = {
				ASSETCATALOG_COMPILER_APPICON_NAME = AppIcon;
				ASSETCATALOG_COMPILER_GLOBAL_ACCENT_COLOR_NAME = AccentColor;
				CODE_SIGN_ENTITLEMENTS = FirebaseProjectLab45/FirebaseProjectLab45.entitlements;
				"CODE_SIGN_IDENTITY[sdk=macosx*]" = "Apple Development";
				CODE_SIGN_STYLE = Automatic;
				CURRENT_PROJECT_VERSION = 1;
				DEVELOPMENT_ASSET_PATHS = "\"FirebaseProjectLab45/Preview Content\"";
				ENABLE_PREVIEWS = YES;
				GENERATE_INFOPLIST_FILE = YES;
				"INFOPLIST_KEY_UIApplicationSceneManifest_Generation[sdk=iphoneos*]" = YES;
				"INFOPLIST_KEY_UIApplicationSceneManifest_Generation[sdk=iphonesimulator*]" = YES;
				"INFOPLIST_KEY_UIApplicationSupportsIndirectInputEvents[sdk=iphoneos*]" = YES;
				"INFOPLIST_KEY_UIApplicationSupportsIndirectInputEvents[sdk=iphonesimulator*]" = YES;
				"INFOPLIST_KEY_UILaunchScreen_Generation[sdk=iphoneos*]" = YES;
				"INFOPLIST_KEY_UILaunchScreen_Generation[sdk=iphonesimulator*]" = YES;
				"INFOPLIST_KEY_UIStatusBarStyle[sdk=iphoneos*]" = UIStatusBarStyleDefault;
				"INFOPLIST_KEY_UIStatusBarStyle[sdk=iphonesimulator*]" = UIStatusBarStyleDefault;
				INFOPLIST_KEY_UISupportedInterfaceOrientations_iPad = "UIInterfaceOrientationPortrait UIInterfaceOrientationPortraitUpsideDown UIInterfaceOrientationLandscapeLeft UIInterfaceOrientationLandscapeRight";
				INFOPLIST_KEY_UISupportedInterfaceOrientations_iPhone = "UIInterfaceOrientationPortrait UIInterfaceOrientationLandscapeLeft UIInterfaceOrientationLandscapeRight";
				IPHONEOS_DEPLOYMENT_TARGET = 16.1;
				LD_RUNPATH_SEARCH_PATHS = "@executable_path/Frameworks";
				"LD_RUNPATH_SEARCH_PATHS[sdk=macosx*]" = "@executable_path/../Frameworks";
				MACOSX_DEPLOYMENT_TARGET = 13.0;
				MARKETING_VERSION = 1.0;
				PRODUCT_BUNDLE_IDENTIFIER = abc.FirebaseProjectLab45;
				PRODUCT_NAME = "$(TARGET_NAME)";
				SDKROOT = auto;
				SUPPORTED_PLATFORMS = "iphoneos iphonesimulator macosx";
				SWIFT_EMIT_LOC_STRINGS = YES;
				SWIFT_VERSION = 5.0;
				TARGETED_DEVICE_FAMILY = "1,2";
			};
			name = Debug;
		};
		22D4E4E82F3493C2002E79C6 /* Release */ = {
			isa = XCBuildConfiguration;
			buildSettings = {
				ASSETCATALOG_COMPILER_APPICON_NAME = AppIcon;
				ASSETCATALOG_COMPILER_GLOBAL_ACCENT_COLOR_NAME = AccentColor;
				CODE_SIGN_ENTITLEMENTS = FirebaseProjectLab45/FirebaseProjectLab45.entitlements;
				"CODE_SIGN_IDENTITY[sdk=macosx*]" = "Apple Development";
				CODE_SIGN_STYLE = Automatic;
				CURRENT_PROJECT_VERSION = 1;
				DEVELOPMENT_ASSET_PATHS = "\"FirebaseProjectLab45/Preview Content\"";
				ENABLE_PREVIEWS = YES;
				GENERATE_INFOPLIST_FILE = YES;
				"INFOPLIST_KEY_UIApplicationSceneManifest_Generation[sdk=iphoneos*]" = YES;
				"INFOPLIST_KEY_UIApplicationSceneManifest_Generation[sdk=iphonesimulator*]" = YES;
				"INFOPLIST_KEY_UIApplicationSupportsIndirectInputEvents[sdk=iphoneos*]" = YES;
				"INFOPLIST_KEY_UIApplicationSupportsIndirectInputEvents[sdk=iphonesimulator*]" = YES;
				"INFOPLIST_KEY_UILaunchScreen_Generation[sdk=iphoneos*]" = YES;
				"INFOPLIST_KEY_UILaunchScreen_Generation[sdk=iphonesimulator*]" = YES;
				"INFOPLIST_KEY_UIStatusBarStyle[sdk=iphoneos*]" = UIStatusBarStyleDefault;
				"INFOPLIST_KEY_UIStatusBarStyle[sdk=iphonesimulator*]" = UIStatusBarStyleDefault;
				INFOPLIST_KEY_UISupportedInterfaceOrientations_iPad = "UIInterfaceOrientationPortrait UIInterfaceOrientationPortraitUpsideDown UIInterfaceOrientationLandscapeLeft UIInterfaceOrientationLandscapeRight";
				INFOPLIST_KEY_UISupportedInterfaceOrientations_iPhone = "UIInterfaceOrientationPortrait UIInterfaceOrientationLandscapeLeft UIInterfaceOrientationLandscapeRight";
				IPHONEOS_DEPLOYMENT_TARGET = 16.1;
				LD_RUNPATH_SEARCH_PATHS = "@executable_path/Frameworks";
				"LD_RUNPATH_SEARCH_PATHS[sdk=macosx*]" = "@executable_path/../Frameworks";
				MACOSX_DEPLOYMENT_TARGET = 13.0;
				MARKETING_VERSION = 1.0;
				PRODUCT_BUNDLE_IDENTIFIER = abc.FirebaseProjectLab45;
				PRODUCT_NAME = "$(TARGET_NAME)";
				SDKROOT = auto;
				SUPPORTED_PLATFORMS = "iphoneos iphonesimulator macosx";
				SWIFT_EMIT_LOC_STRINGS = YES;
				SWIFT_VERSION = 5.0;
				TARGETED_DEVICE_FAMILY = "1,2";
			};
			name = Release;
		};
		22D4E4EA2F3493C2002E79C6 /* Debug */ = {
			isa = XCBuildConfiguration;
			buildSettings = {
				ALWAYS_EMBED_SWIFT_STANDARD_LIBRARIES = YES;
				BUNDLE_LOADER = "$(TEST_HOST)";
				CODE_SIGN_STYLE = Automatic;
				CURRENT_PROJECT_VERSION = 1;
				GENERATE_INFOPLIST_FILE = YES;
				IPHONEOS_DEPLOYMENT_TARGET = 16.1;
				MACOSX_DEPLOYMENT_TARGET = 13.0;
				MARKETING_VERSION = 1.0;
				PRODUCT_BUNDLE_IDENTIFIER = abc.FirebaseProjectLab45Tests;
				PRODUCT_NAME = "$(TARGET_NAME)";
				SDKROOT = auto;
				SUPPORTED_PLATFORMS = "iphoneos iphonesimulator macosx";
				SWIFT_EMIT_LOC_STRINGS = NO;
				SWIFT_VERSION = 5.0;
				TARGETED_DEVICE_FAMILY = "1,2";
				TEST_HOST = "$(BUILT_PRODUCTS_DIR)/FirebaseProjectLab45.app/$(BUNDLE_EXECUTABLE_FOLDER_PATH)/FirebaseProjectLab45";
			};
			name = Debug;
		};
		22D4E4EB2F3493C2002E79C6 /* Release */ = {
			isa = XCBuildConfiguration;
			buildSettings = {
				ALWAYS_EMBED_SWIFT_STANDARD_LIBRARIES = YES;
				BUNDLE_LOADER = "$(TEST_HOST)";
				CODE_SIGN_STYLE = Automatic;
				CURRENT_PROJECT_VERSION = 1;
				GENERATE_INFOPLIST_FILE = YES;
				IPHONEOS_DEPLOYMENT_TARGET = 16.1;
				MACOSX_DEPLOYMENT_TARGET = 13.0;
				MARKETING_VERSION = 1.0;
				PRODUCT_BUNDLE_IDENTIFIER = abc.FirebaseProjectLab45Tests;
				PRODUCT_NAME = "$(TARGET_NAME)";
				SDKROOT = auto;
				SUPPORTED_PLATFORMS = "iphoneos iphonesimulator macosx";
				SWIFT_EMIT_LOC_STRINGS = NO;
				SWIFT_VERSION = 5.0;
				TARGETED_DEVICE_FAMILY = "1,2";
				TEST_HOST = "$(BUILT_PRODUCTS_DIR)/FirebaseProjectLab45.app/$(BUNDLE_EXECUTABLE_FOLDER_PATH)/FirebaseProjectLab45";
			};
			name = Release;
		};
		22D4E4ED2F3493C2002E79C6 /* Debug */ = {
			isa = XCBuildConfiguration;
			buildSettings = {
				ALWAYS_EMBED_SWIFT_STANDARD_LIBRARIES = YES;
				CODE_SIGN_STYLE = Automatic;
				CURRENT_PROJECT_VERSION = 1;
				GENERATE_INFOPLIST_FILE = YES;
				IPHONEOS_DEPLOYMENT_TARGET = 16.1;
				MACOSX_DEPLOYMENT_TARGET = 13.0;
				MARKETING_VERSION = 1.0;
				PRODUCT_BUNDLE_IDENTIFIER = abc.FirebaseProjectLab45UITests;
				PRODUCT_NAME = "$(TARGET_NAME)";
				SDKROOT = auto;
				SUPPORTED_PLATFORMS = "iphoneos iphonesimulator macosx";
				SWIFT_EMIT_LOC_STRINGS = NO;
				SWIFT_VERSION = 5.0;
				TARGETED_DEVICE_FAMILY = "1,2";
				TEST_TARGET_NAME = FirebaseProjectLab45;
			};
			name = Debug;
		};
		22D4E4EE2F3493C2002E79C6 /* Release */ = {
			isa = XCBuildConfiguration;
			buildSettings = {
				ALWAYS_EMBED_SWIFT_STANDARD_LIBRARIES = YES;
				CODE_SIGN_STYLE = Automatic;
				CURRENT_PROJECT_VERSION = 1;
				GENERATE_INFOPLIST_FILE = YES;
				IPHONEOS_DEPLOYMENT_TARGET = 16.1;
				MACOSX_DEPLOYMENT_TARGET = 13.0;
				MARKETING_VERSION = 1.0;
				PRODUCT_BUNDLE_IDENTIFIER = abc.FirebaseProjectLab45UITests;
				PRODUCT_NAME = "$(TARGET_NAME)";
				SDKROOT = auto;
				SUPPORTED_PLATFORMS = "iphoneos iphonesimulator macosx";
				SWIFT_EMIT_LOC_STRINGS = NO;
				SWIFT_VERSION = 5.0;
				TARGETED_DEVICE_FAMILY = "1,2";
				TEST_TARGET_NAME = FirebaseProjectLab45;
			};
			name = Release;
		};
/* End XCBuildConfiguration section */

/* Begin XCConfigurationList section */
		22D4E4BC2F3493BB002E79C6 /* Build configuration list for PBXProject "FirebaseProjectLab45" */ = {
			isa = XCConfigurationList;
			buildConfigurations = (
				22D4E4E42F3493C2002E79C6 /* Debug */,
				22D4E4E52F3493C2002E79C6 /* Release */,
			);
			defaultConfigurationIsVisible = 0;
			defaultConfigurationName = Release;
		};
		22D4E4E62F3493C2002E79C6 /* Build configuration list for PBXNativeTarget "FirebaseProjectLab45" */ = {
			isa = XCConfigurationList;
			buildConfigurations = (
				22D4E4E72F3493C2002E79C6 /* Debug */,
				22D4E4E82F3493C2002E79C6 /* Release */,
			);
			defaultConfigurationIsVisible = 0;
			defaultConfigurationName = Release;
		};
		22D4E4E92F3493C2002E79C6 /* Build configuration list for PBXNativeTarget "FirebaseProjectLab45Tests" */ = {
			isa = XCConfigurationList;
			buildConfigurations = (
				22D4E4EA2F3493C2002E79C6 /* Debug */,
				22D4E4EB2F3493C2002E79C6 /* Release */,
			);
			defaultConfigurationIsVisible = 0;
			defaultConfigurationName = Release;
		};
		22D4E4EC2F3493C2002E79C6 /* Build configuration list for PBXNativeTarget "FirebaseProjectLab45UITests" */ = {
			isa = XCConfigurationList;
			buildConfigurations = (
				22D4E4ED2F3493C2002E79C6 /* Debug */,
				22D4E4EE2F3493C2002E79C6 /* Release */,
			);
			defaultConfigurationIsVisible = 0;
			defaultConfigurationName = Release;
		};
/* End XCConfigurationList section */

/* Begin XCRemoteSwiftPackageReference section */
		22D4E4EF2F34952F002E79C6 /* XCRemoteSwiftPackageReference "firebase-ios-sdk" */ = {
			isa = XCRemoteSwiftPackageReference;
			repositoryURL = "https://github.com/firebase/firebase-ios-sdk";
			requirement = {
				kind = exactVersion;
				version = 9.6.0;
			};
		};
/* End XCRemoteSwiftPackageReference section */

/* Begin XCSwiftPackageProductDependency section */
		22D4E4F02F34952F002E79C6 /* FirebaseAnalytics */ = {
			isa = XCSwiftPackageProductDependency;
			package = 22D4E4EF2F34952F002E79C6 /* XCRemoteSwiftPackageReference "firebase-ios-sdk" */;
			productName = FirebaseAnalytics;
		};
		22D4E4F22F34952F002E79C6 /* FirebaseAnalyticsSwift */ = {
			isa = XCSwiftPackageProductDependency;
			package = 22D4E4EF2F34952F002E79C6 /* XCRemoteSwiftPackageReference "firebase-ios-sdk" */;
			productName = FirebaseAnalyticsSwift;
		};
		22D4E4F42F34952F002E79C6 /* FirebaseAuth */ = {
			isa = XCSwiftPackageProductDependency;
			package = 22D4E4EF2F34952F002E79C6 /* XCRemoteSwiftPackageReference "firebase-ios-sdk" */;
			productName = FirebaseAuth;
		};
		22D4E4F62F34952F002E79C6 /* FirebaseFirestore */ = {
			isa = XCSwiftPackageProductDependency;
			package = 22D4E4EF2F34952F002E79C6 /* XCRemoteSwiftPackageReference "firebase-ios-sdk" */;
			productName = FirebaseFirestore;
		};
		22D4E4F82F34952F002E79C6 /* FirebaseFirestoreSwift */ = {
			isa = XCSwiftPackageProductDependency;
			package = 22D4E4EF2F34952F002E79C6 /* XCRemoteSwiftPackageReference "firebase-ios-sdk" */;
			productName = FirebaseFirestoreSwift;
		};
/* End XCSwiftPackageProductDependency section */
	};
	rootObject = 22D4E4B92F3493BB002E79C6 /* Project object */;
}
